
Microsoft Visual Studio Solution File, Format Version 12.00
# Visual Studio Version 17
VisualStudioVersion = 17.4.33205.214
MinimumVisualStudioVersion = 10.0.40219.1
Project("{FAE04EC0-301F-11D3-BF4B-00C04F79EFBC}") = "AdvancedSolarPanel", "AdvancedSolarPanel\AdvancedSolarPanel.csproj", "{68F171BC-4E73-416B-BA32-596AD40BC036}"
EndProject
Project("{FAE04EC0-301F-11D3-BF4B-00C04F79EFBC}") = "AdjustableBattery", "AdjustableBattery\AdjustableBattery.csproj", "{DC132618-7143-4FCE-8B14-2A5AF3864D57}"
EndProject
Project("{FAE04EC0-301F-11D3-BF4B-00C04F79EFBC}") = "Freezer", "Freezer\Freezer.csproj", "{0BFAD8F4-82D5-41DE-917C-DC230A5DEBA2}"
EndProject
Project("{FAE04EC0-301F-11D3-BF4B-00C04F79EFBC}") = "LiquidMiniPumpEnhancement", "LiquidMiniPumpEnhancement\LiquidMiniPumpEnhancement.csproj", "{69D6DA46-6CC3-40EF-AAB1-883A4FDF7F31}"
EndProject
Project("{FAE04EC0-301F-11D3-BF4B-00C04F79EFBC}") = "RotatableLight", "RotatableCeilingLight\RotatableLight.csproj", "{E7DD737D-BA4E-47D8-A4EA-B04F6FE6F546}"
EndProject
Global
	GlobalSection(SolutionConfigurationPlatforms) = preSolution
		Debug|Any CPU = Debug|Any CPU
		Release|Any CPU = Release|Any CPU
	EndGlobalSection
	GlobalSection(ProjectConfigurationPlatforms) = postSolution
		{68F171BC-4E73-416B-BA32-596AD40BC036}.Debug|Any CPU.ActiveCfg = Debug|Any CPU
		{68F171BC-4E73-416B-BA32-596AD40BC036}.Debug|Any CPU.Build.0 = Debug|Any CPU
		{68F171BC-4E73-416B-BA32-596AD40BC036}.Release|Any CPU.ActiveCfg = Release|Any CPU
		{68F171BC-4E73-416B-BA32-596AD40BC036}.Release|Any CPU.Build.0 = Release|Any CPU
		{DC132618-7143-4FCE-8B14-2A5AF3864D57}.Debug|Any CPU.ActiveCfg = Debug|Any CPU
		{DC132618-7143-4FCE-8B14-2A5AF3864D57}.Debug|Any CPU.Build.0 = Debug|Any CPU
		{DC132618-7143-4FCE-8B14-2A5AF3864D57}.Release|Any CPU.ActiveCfg = Release|Any CPU
		{DC132618-7143-4FCE-8B14-2A5AF3864D57}.Release|Any CPU.Build.0 = Release|Any CPU
		{0BFAD8F4-82D5-41DE-917C-DC230A5DEBA2}.Debug|Any CPU.ActiveCfg = Debug|Any CPU
		{0BFAD8F4-82D5-41DE-917C-DC230A5DEBA2}.Debug|Any CPU.Build.0 = Debug|Any CPU
		{0BFAD8F4-82D5-41DE-917C-DC230A5DEBA2}.Release|Any CPU.ActiveCfg = Release|Any CPU
		{0BFAD8F4-82D5-41DE-917C-DC230A5DEBA2}.Release|Any CPU.Build.0 = Release|Any CPU
		{69D6DA46-6CC3-40EF-AAB1-883A4FDF7F31}.Debug|Any CPU.ActiveCfg = Debug|Any CPU
		{69D6DA46-6CC3-40EF-AAB1-883A4FDF7F31}.Debug|Any CPU.Build.0 = Debug|Any CPU
		{69D6DA46-6CC3-40EF-AAB1-883A4FDF7F31}.Release|Any CPU.ActiveCfg = Release|Any CPU
		{69D6DA46-6CC3-40EF-AAB1-883A4FDF7F31}.Release|Any CPU.Build.0 = Release|Any CPU
		{E7DD737D-BA4E-47D8-A4EA-B04F6FE6F546}.Debug|Any CPU.ActiveCfg = Debug|Any CPU
		{E7DD737D-BA4E-47D8-A4EA-B04F6FE6F546}.Debug|Any CPU.Build.0 = Debug|Any CPU
		{E7DD737D-BA4E-47D8-A4EA-B04F6FE6F546}.Release|Any CPU.ActiveCfg = Release|Any CPU
		{E7DD737D-BA4E-47D8-A4EA-B04F6FE6F546}.Release|Any CPU.Build.0 = Release|Any CPU
	EndGlobalSection
	GlobalSection(SolutionProperties) = preSolution
		HideSolutionNode = FALSE
	EndGlobalSection
	GlobalSection(ExtensibilityGlobals) = postSolution
		SolutionGuid = {C3D13071-C2E9-4E16-8314-E127A1501F1C}
	EndGlobalSection
EndGlobal
